
Microsoft Visual Studio Solution File, Format Version 12.00
# Visual Studio Version 17
VisualStudioVersion = 17.5.002.0
MinimumVisualStudioVersion = 10.0.40219.1
Project("{9A19103F-16F7-4668-BE54-9A1E7A4F7556}") = "CatWorx.BadgeMaker", "CatWorx.BadgeMaker.csproj", "{0CF04657-4592-43BE-866A-D43C2DAEA419}"
EndProject
Global
	GlobalSection(SolutionConfigurationPlatforms) = preSolution
		Debug|Any CPU = Debug|Any CPU
		Release|Any CPU = Release|Any CPU
	EndGlobalSection
	GlobalSection(ProjectConfigurationPlatforms) = postSolution
		{0CF04657-4592-43BE-866A-D43C2DAEA419}.Debug|Any CPU.ActiveCfg = Debug|Any CPU
		{0CF04657-4592-43BE-866A-D43C2DAEA419}.Debug|Any CPU.Build.0 = Debug|Any CPU
		{0CF04657-4592-43BE-866A-D43C2DAEA419}.Release|Any CPU.ActiveCfg = Release|Any CPU
		{0CF04657-4592-43BE-866A-D43C2DAEA419}.Release|Any CPU.Build.0 = Release|Any CPU
	EndGlobalSection
	GlobalSection(SolutionProperties) = preSolution
		HideSolutionNode = FALSE
	EndGlobalSection
	GlobalSection(ExtensibilityGlobals) = postSolution
		SolutionGuid = {DCC88420-BA44-4A00-AE22-57714712782C}
	EndGlobalSection
EndGlobal
